
Microsoft Visual Studio Solution File, Format Version 12.00
# Visual Studio 14
VisualStudioVersion = 14.0.25420.1
MinimumVisualStudioVersion = 10.0.40219.1
Project("{FAE04EC0-301F-11D3-BF4B-00C04F79EFBC}") = "DefaultWpfMvvmProject.UI", "DefaultWpfMvvmProject.UI\DefaultWpfMvvmProject.UI.csproj", "{4FAAF57E-E54C-4C18-9B44-23C0C349BC7E}"
EndProject
Project("{2150E333-8FDC-42A3-9474-1A3956D46DE8}") = "UI", "UI", "{9D4453C2-DF7D-4293-BA03-577844BAB465}"
EndProject
Project("{2150E333-8FDC-42A3-9474-1A3956D46DE8}") = "Logic", "Logic", "{244D949B-999C-4924-B2F5-7DBC9AC05F1F}"
EndProject
Project("{2150E333-8FDC-42A3-9474-1A3956D46DE8}") = ".shared", ".shared", "{A6A754B5-2E4F-44D6-ADD8-E5A384E74325}"
	ProjectSection(SolutionItems) = preProject
		.shared\SharedAssemblyInfo.cs = .shared\SharedAssemblyInfo.cs
	EndProjectSection
EndProject
Project("{FAE04EC0-301F-11D3-BF4B-00C04F79EFBC}") = "Logic.UI", "Logic.UI\Logic.UI.csproj", "{ED04ED32-9317-4C16-9CC0-AB68B1B6A982}"
EndProject
Project("{FAE04EC0-301F-11D3-BF4B-00C04F79EFBC}") = "DefaultWpfMvvmProject.DataAccess", "DefaultWpfMvvmProject.DataAccess\DefaultWpfMvvmProject.DataAccess.csproj", "{7E7B7788-60C4-4EFE-A554-9CF42AB7B650}"
EndProject
Global
	GlobalSection(SolutionConfigurationPlatforms) = preSolution
		Debug|Any CPU = Debug|Any CPU
		Release|Any CPU = Release|Any CPU
	EndGlobalSection
	GlobalSection(ProjectConfigurationPlatforms) = postSolution
		{4FAAF57E-E54C-4C18-9B44-23C0C349BC7E}.Debug|Any CPU.ActiveCfg = Debug|Any CPU
		{4FAAF57E-E54C-4C18-9B44-23C0C349BC7E}.Debug|Any CPU.Build.0 = Debug|Any CPU
		{4FAAF57E-E54C-4C18-9B44-23C0C349BC7E}.Release|Any CPU.ActiveCfg = Release|Any CPU
		{4FAAF57E-E54C-4C18-9B44-23C0C349BC7E}.Release|Any CPU.Build.0 = Release|Any CPU
		{ED04ED32-9317-4C16-9CC0-AB68B1B6A982}.Debug|Any CPU.ActiveCfg = Debug|Any CPU
		{ED04ED32-9317-4C16-9CC0-AB68B1B6A982}.Debug|Any CPU.Build.0 = Debug|Any CPU
		{ED04ED32-9317-4C16-9CC0-AB68B1B6A982}.Release|Any CPU.ActiveCfg = Release|Any CPU
		{ED04ED32-9317-4C16-9CC0-AB68B1B6A982}.Release|Any CPU.Build.0 = Release|Any CPU
		{7E7B7788-60C4-4EFE-A554-9CF42AB7B650}.Debug|Any CPU.ActiveCfg = Debug|Any CPU
		{7E7B7788-60C4-4EFE-A554-9CF42AB7B650}.Debug|Any CPU.Build.0 = Debug|Any CPU
		{7E7B7788-60C4-4EFE-A554-9CF42AB7B650}.Release|Any CPU.ActiveCfg = Release|Any CPU
		{7E7B7788-60C4-4EFE-A554-9CF42AB7B650}.Release|Any CPU.Build.0 = Release|Any CPU
	EndGlobalSection
	GlobalSection(SolutionProperties) = preSolution
		HideSolutionNode = FALSE
	EndGlobalSection
	GlobalSection(NestedProjects) = preSolution
		{4FAAF57E-E54C-4C18-9B44-23C0C349BC7E} = {9D4453C2-DF7D-4293-BA03-577844BAB465}
		{ED04ED32-9317-4C16-9CC0-AB68B1B6A982} = {244D949B-999C-4924-B2F5-7DBC9AC05F1F}
		{7E7B7788-60C4-4EFE-A554-9CF42AB7B650} = {244D949B-999C-4924-B2F5-7DBC9AC05F1F}
	EndGlobalSection
EndGlobal
